
Microsoft Visual Studio Solution File, Format Version 11.00
# Visual Studio 2010
Project("{FAE04EC0-301F-11D3-BF4B-00C04F79EFBC}") = "HiSystems.Interpreter", "HiSystems.Interpreter.csproj", "{65D25F1E-BD7D-4B5E-8457-DD8A4813DD30}"
EndProject
Global
	GlobalSection(SolutionConfigurationPlatforms) = preSolution
		Debug|Any CPU = Debug|Any CPU
		Release|Any CPU = Release|Any CPU
	EndGlobalSection
	GlobalSection(ProjectConfigurationPlatforms) = postSolution
		{65D25F1E-BD7D-4B5E-8457-DD8A4813DD30}.Debug|Any CPU.ActiveCfg = Debug|Any CPU
		{65D25F1E-BD7D-4B5E-8457-DD8A4813DD30}.Debug|Any CPU.Build.0 = Debug|Any CPU
		{65D25F1E-BD7D-4B5E-8457-DD8A4813DD30}.Release|Any CPU.ActiveCfg = Release|Any CPU
		{65D25F1E-BD7D-4B5E-8457-DD8A4813DD30}.Release|Any CPU.Build.0 = Release|Any CPU
	EndGlobalSection
	GlobalSection(SolutionProperties) = preSolution
		HideSolutionNode = FALSE
	EndGlobalSection
EndGlobal
